lockfileVersion: 5.4

specifiers:
  mime: ^3.0.0
  url-pattern: ^1.0.3

dependencies:
  mime: 3.0.0
  url-pattern: 1.0.3

packages:

  /mime/3.0.0:
    resolution: {integrity: sha512-jSCU7/VB1loIWBZe14aEYHU/+1UMEHoaO7qxCOVJOw9GgH72VAWppxNcjU+x9a2k3GSIBXNKxXQFqRvvZ7vr3A==}
    engines: {node: '>=10.0.0'}
    hasBin: true
    dev: false

  /url-pattern/1.0.3:
    resolution: {integrity: sha512-uQcEj/2puA4aq1R3A2+VNVBgaWYR24FdWjl7VNW83rnWftlhyzOZ/tBjezRiC2UkIzuxC8Top3IekN3vUf1WxA==}
    engines: {node: '>=0.12.0'}
    dev: false
